
Microsoft Visual Studio Solution File, Format Version 12.00
# Visual Studio Version 17
VisualStudioVersion = 17.0.31903.59
MinimumVisualStudioVersion = 10.0.40219.1
Project("{FAE04EC0-301F-11D3-BF4B-00C04F79EFBC}") = "Cos.Internal.Dashboards.Tests", "Cos.Internal.Dashboards.Tests\Cos.Internal.Dashboards.Tests.csproj", "{762F7B43-8495-4D59-BDFD-E9B31BBF6CD3}"
EndProject
Project("{FAE04EC0-301F-11D3-BF4B-00C04F79EFBC}") = "Cos.Internal.Dashboards", "Cos.Internal.Dashboards\Cos.Internal.Dashboards.csproj", "{B23A7AC3-2911-4106-A886-4B41F7B95D4A}"
EndProject
Global
	GlobalSection(SolutionConfigurationPlatforms) = preSolution
		Debug|Any CPU = Debug|Any CPU
		Release|Any CPU = Release|Any CPU
	EndGlobalSection
	GlobalSection(ProjectConfigurationPlatforms) = postSolution
		{762F7B43-8495-4D59-BDFD-E9B31BBF6CD3}.Debug|Any CPU.ActiveCfg = Debug|Any CPU
		{762F7B43-8495-4D59-BDFD-E9B31BBF6CD3}.Debug|Any CPU.Build.0 = Debug|Any CPU
		{762F7B43-8495-4D59-BDFD-E9B31BBF6CD3}.Release|Any CPU.ActiveCfg = Release|Any CPU
		{762F7B43-8495-4D59-BDFD-E9B31BBF6CD3}.Release|Any CPU.Build.0 = Release|Any CPU
		{B23A7AC3-2911-4106-A886-4B41F7B95D4A}.Debug|Any CPU.ActiveCfg = Debug|Any CPU
		{B23A7AC3-2911-4106-A886-4B41F7B95D4A}.Debug|Any CPU.Build.0 = Debug|Any CPU
		{B23A7AC3-2911-4106-A886-4B41F7B95D4A}.Release|Any CPU.ActiveCfg = Release|Any CPU
		{B23A7AC3-2911-4106-A886-4B41F7B95D4A}.Release|Any CPU.Build.0 = Release|Any CPU
	EndGlobalSection
	GlobalSection(SolutionProperties) = preSolution
		HideSolutionNode = FALSE
	EndGlobalSection
EndGlobal
